// !$*UTF8*$!
{
	archiveVersion = 1;
	classes = {
	};
	objectVersion = 46;
	objects = {

/* Begin PBXBuildFile section */
		02A9C2C719B67FF000C948E3 /* Cocoa.framework in Frameworks */ = {isa = PBXBuildFile; fileRef = 02A9C2C619B67FF000C948E3 /* Cocoa.framework */; };
		02A9C2D119B67FF000C948E3 /* InfoPlist.strings in Resources */ = {isa = PBXBuildFile; fileRef = 02A9C2CF19B67FF000C948E3 /* InfoPlist.strings */; };
		02A9C2D319B67FF000C948E3 /* main.m in Sources */ = {isa = PBXBuildFile; fileRef = 02A9C2D219B67FF000C948E3 /* main.m */; };
		02A9C2D719B67FF000C948E3 /* Credits.rtf in Resources */ = {isa = PBXBuildFile; fileRef = 02A9C2D519B67FF000C948E3 /* Credits.rtf */; };
		02A9C2DA19B67FF000C948E3 /* BNRDocument.m in Sources */ = {isa = PBXBuildFile; fileRef = 02A9C2D919B67FF000C948E3 /* BNRDocument.m */; };
		02A9C2DD19B67FF000C948E3 /* BNRDocument.xib in Resources */ = {isa = PBXBuildFile; fileRef = 02A9C2DB19B67FF000C948E3 /* BNRDocument.xib */; };
		02A9C2E019B67FF000C948E3 /* MainMenu.xib in Resources */ = {isa = PBXBuildFile; fileRef = 02A9C2DE19B67FF000C948E3 /* MainMenu.xib */; };
		02A9C2E219B67FF000C948E3 /* Images.xcassets in Resources */ = {isa = PBXBuildFile; fileRef = 02A9C2E119B67FF000C948E3 /* Images.xcassets */; };
		02A9C2E919B67FF000C948E3 /* XCTest.framework in Frameworks */ = {isa = PBXBuildFile; fileRef = 02A9C2E819B67FF000C948E3 /* XCTest.framework */; };
		02A9C2EA19B67FF000C948E3 /* Cocoa.framework in Frameworks */ = {isa = PBXBuildFile; fileRef = 02A9C2C619B67FF000C948E3 /* Cocoa.framework */; };
		02A9C2F219B67FF000C948E3 /* InfoPlist.strings in Resources */ = {isa = PBXBuildFile; fileRef = 02A9C2F019B67FF000C948E3 /* InfoPlist.strings */; };
		02A9C2F419B67FF000C948E3 /* TahDoodleTests.m in Sources */ = {isa = PBXBuildFile; fileRef = 02A9C2F319B67FF000C948E3 /* TahDoodleTests.m */; };
/* End PBXBuildFile section */

/* Begin PBXContainerItemProxy section */
		02A9C2EB19B67FF000C948E3 /* PBXContainerItemProxy */ = {
			isa = PBXContainerItemProxy;
			containerPortal = 02A9C2BB19B67FF000C948E3 /* Project object */;
			proxyType = 1;
			remoteGlobalIDString = 02A9C2C219B67FF000C948E3;
			remoteInfo = TahDoodle;
		};
/* End PBXContainerItemProxy section */

/* Begin PBXFileReference section */
		02A9C2C319B67FF000C948E3 /* TahDoodle.app */ = {isa = PBXFileReference; explicitFileType = wrapper.application; includeInIndex = 0; path = TahDoodle.app; sourceTree = BUILT_PRODUCTS_DIR; };
		02A9C2C619B67FF000C948E3 /* Cocoa.framework */ = {isa = PBXFileReference; lastKnownFileType = wrapper.framework; name = Cocoa.framework; path = System/Library/Frameworks/Cocoa.framework; sourceTree = SDKROOT; };
		02A9C2C919B67FF000C948E3 /* AppKit.framework */ = {isa = PBXFileReference; lastKnownFileType = wrapper.framework; name = AppKit.framework; path = System/Library/Frameworks/AppKit.framework; sourceTree = SDKROOT; };
		02A9C2CA19B67FF000C948E3 /* CoreData.framework */ = {isa = PBXFileReference; lastKnownFileType = wrapper.framework; name = CoreData.framework; path = System/Library/Frameworks/CoreData.framework; sourceTree = SDKROOT; };
		02A9C2CB19B67FF000C948E3 /* Foundation.framework */ = {isa = PBXFileReference; lastKnownFileType = wrapper.framework; name = Foundation.framework; path = System/Library/Frameworks/Foundation.framework; sourceTree = SDKROOT; };
		02A9C2CE19B67FF000C948E3 /* TahDoodle-Info.plist */ = {isa = PBXFileReference; lastKnownFileType = text.plist.xml; path = "TahDoodle-Info.plist"; sourceTree = "<group>"; };
		02A9C2D019B67FF000C948E3 /* en */ = {isa = PBXFileReference; lastKnownFileType = text.plist.strings; name = en; path = en.lproj/InfoPlist.strings; sourceTree = "<group>"; };
		02A9C2D219B67FF000C948E3 /* main.m */ = {isa = PBXFileReference; lastKnownFileType = sourcecode.c.objc; path = main.m; sourceTree = "<group>"; };
		02A9C2D419B67FF000C948E3 /* TahDoodle-Prefix.pch */ = {isa = PBXFileReference; lastKnownFileType = sourcecode.c.h; path = "TahDoodle-Prefix.pch"; sourceTree = "<group>"; };
		02A9C2D619B67FF000C948E3 /* en */ = {isa = PBXFileReference; lastKnownFileType = text.rtf; name = en; path = en.lproj/Credits.rtf; sourceTree = "<group>"; };
		02A9C2D819B67FF000C948E3 /* BNRDocument.h */ = {isa = PBXFileReference; lastKnownFileType = sourcecode.c.h; path = BNRDocument.h; sourceTree = "<group>"; };
		02A9C2D919B67FF000C948E3 /* BNRDocument.m */ = {isa = PBXFileReference; lastKnownFileType = sourcecode.c.objc; path = BNRDocument.m; sourceTree = "<group>"; };
		02A9C2DC19B67FF000C948E3 /* Base */ = {isa = PBXFileReference; lastKnownFileType = file.xib; name = Base; path = Base.lproj/BNRDocument.xib; sourceTree = "<group>"; };
		02A9C2DF19B67FF000C948E3 /* Base */ = {isa = PBXFileReference; lastKnownFileType = file.xib; name = Base; path = Base.lproj/MainMenu.xib; sourceTree = "<group>"; };
		02A9C2E119B67FF000C948E3 /* Images.xcassets */ = {isa = PBXFileReference; lastKnownFileType = folder.assetcatalog; path = Images.xcassets; sourceTree = "<group>"; };
		02A9C2E719B67FF000C948E3 /* TahDoodleTests.xctest */ = {isa = PBXFileReference; explicitFileType = wrapper.cfbundle; includeInIndex = 0; path = TahDoodleTests.xctest; sourceTree = BUILT_PRODUCTS_DIR; };
		02A9C2E819B67FF000C948E3 /* XCTest.framework */ = {isa = PBXFileReference; lastKnownFileType = wrapper.framework; name = XCTest.framework; path = Library/Frameworks/XCTest.framework; sourceTree = DEVELOPER_DIR; };
		02A9C2EF19B67FF000C948E3 /* TahDoodleTests-Info.plist */ = {isa = PBXFileReference; lastKnownFileType = text.plist.xml; path = "TahDoodleTests-Info.plist"; sourceTree = "<group>"; };
		02A9C2F119B67FF000C948E3 /* en */ = {isa = PBXFileReference; lastKnownFileType = text.plist.strings; name = en; path = en.lproj/InfoPlist.strings; sourceTree = "<group>"; };
		02A9C2F319B67FF000C948E3 /* TahDoodleTests.m */ = {isa = PBXFileReference; lastKnownFileType = sourcecode.c.objc; path = TahDoodleTests.m; sourceTree = "<group>"; };
/* End PBXFileReference section */

/* Begin PBXFrameworksBuildPhase section */
		02A9C2C019B67FF000C948E3 /* Frameworks */ = {
			isa = PBXFrameworksBuildPhase;
			buildActionMask = 2147483647;
			files = (
				02A9C2C719B67FF000C948E3 /* Cocoa.framework in Frameworks */,
			);
			runOnlyForDeploymentPostprocessing = 0;
		};
		02A9C2E419B67FF000C948E3 /* Frameworks */ = {
			isa = PBXFrameworksBuildPhase;
			buildActionMask = 2147483647;
			files = (
				02A9C2EA19B67FF000C948E3 /* Cocoa.framework in Frameworks */,
				02A9C2E919B67FF000C948E3 /* XCTest.framework in Frameworks */,
			);
			runOnlyForDeploymentPostprocessing = 0;
		};
/* End PBXFrameworksBuildPhase section */

/* Begin PBXGroup section */
		02A9C2BA19B67FF000C948E3 = {
			isa = PBXGroup;
			children = (
				02A9C2CC19B67FF000C948E3 /* TahDoodle */,
				02A9C2ED19B67FF000C948E3 /* TahDoodleTests */,
				02A9C2C519B67FF000C948E3 /* Frameworks */,
				02A9C2C419B67FF000C948E3 /* Products */,
			);
			sourceTree = "<group>";
		};
		02A9C2C419B67FF000C948E3 /* Products */ = {
			isa = PBXGroup;
			children = (
				02A9C2C319B67FF000C948E3 /* TahDoodle.app */,
				02A9C2E719B67FF000C948E3 /* TahDoodleTests.xctest */,
			);
			name = Products;
			sourceTree = "<group>";
		};
		02A9C2C519B67FF000C948E3 /* Frameworks */ = {
			isa = PBXGroup;
			children = (
				02A9C2C619B67FF000C948E3 /* Cocoa.framework */,
				02A9C2E819B67FF000C948E3 /* XCTest.framework */,
				02A9C2C819B67FF000C948E3 /* Other Frameworks */,
			);
			name = Frameworks;
			sourceTree = "<group>";
		};
		02A9C2C819B67FF000C948E3 /* Other Frameworks */ = {
			isa = PBXGroup;
			children = (
				02A9C2C919B67FF000C948E3 /* AppKit.framework */,
				02A9C2CA19B67FF000C948E3 /* CoreData.framework */,
				02A9C2CB19B67FF000C948E3 /* Foundation.framework */,
			);
			name = "Other Frameworks";
			sourceTree = "<group>";
		};
		02A9C2CC19B67FF000C948E3 /* TahDoodle */ = {
			isa = PBXGroup;
			children = (
				02A9C2D819B67FF000C948E3 /* BNRDocument.h */,
				02A9C2D919B67FF000C948E3 /* BNRDocument.m */,
				02A9C2DB19B67FF000C948E3 /* BNRDocument.xib */,
				02A9C2DE19B67FF000C948E3 /* MainMenu.xib */,
				02A9C2E119B67FF000C948E3 /* Images.xcassets */,
				02A9C2CD19B67FF000C948E3 /* Supporting Files */,
			);
			path = TahDoodle;
			sourceTree = "<group>";
		};
		02A9C2CD19B67FF000C948E3 /* Supporting Files */ = {
			isa = PBXGroup;
			children = (
				02A9C2CE19B67FF000C948E3 /* TahDoodle-Info.plist */,
				02A9C2CF19B67FF000C948E3 /* InfoPlist.strings */,
				02A9C2D219B67FF000C948E3 /* main.m */,
				02A9C2D419B67FF000C948E3 /* TahDoodle-Prefix.pch */,
				02A9C2D519B67FF000C948E3 /* Credits.rtf */,
			);
			name = "Supporting Files";
			sourceTree = "<group>";
		};
		02A9C2ED19B67FF000C948E3 /* TahDoodleTests */ = {
			isa = PBXGroup;
			children = (
				02A9C2F319B67FF000C948E3 /* TahDoodleTests.m */,
				02A9C2EE19B67FF000C948E3 /* Supporting Files */,
			);
			path = TahDoodleTests;
			sourceTree = "<group>";
		};
		02A9C2EE19B67FF000C948E3 /* Supporting Files */ = {
			isa = PBXGroup;
			children = (
				02A9C2EF19B67FF000C948E3 /* TahDoodleTests-Info.plist */,
				02A9C2F019B67FF000C948E3 /* InfoPlist.strings */,
			);
			name = "Supporting Files";
			sourceTree = "<group>";
		};
/* End PBXGroup section */

/* Begin PBXNativeTarget section */
		02A9C2C219B67FF000C948E3 /* TahDoodle */ = {
			isa = PBXNativeTarget;
			buildConfigurationList = 02A9C2F719B67FF000C948E3 /* Build configuration list for PBXNativeTarget "TahDoodle" */;
			buildPhases = (
				02A9C2BF19B67FF000C948E3 /* Sources */,
				02A9C2C019B67FF000C948E3 /* Frameworks */,
				02A9C2C119B67FF000C948E3 /* Resources */,
			);
			buildRules = (
			);
			dependencies = (
			);
			name = TahDoodle;
			productName = TahDoodle;
			productReference = 02A9C2C319B67FF000C948E3 /* TahDoodle.app */;
			productType = "com.apple.product-type.application";
		};
		02A9C2E619B67FF000C948E3 /* TahDoodleTests */ = {
			isa = PBXNativeTarget;
			buildConfigurationList = 02A9C2FA19B67FF000C948E3 /* Build configuration list for PBXNativeTarget "TahDoodleTests" */;
			buildPhases = (
				02A9C2E319B67FF000C948E3 /* Sources */,
				02A9C2E419B67FF000C948E3 /* Frameworks */,
				02A9C2E519B67FF000C948E3 /* Resources */,
			);
			buildRules = (
			);
			dependencies = (
				02A9C2EC19B67FF000C948E3 /* PBXTargetDependency */,
			);
			name = TahDoodleTests;
			productName = TahDoodleTests;
			productReference = 02A9C2E719B67FF000C948E3 /* TahDoodleTests.xctest */;
			productType = "com.apple.product-type.bundle.unit-test";
		};
/* End PBXNativeTarget section */

/* Begin PBXProject section */
		02A9C2BB19B67FF000C948E3 /* Project object */ = {
			isa = PBXProject;
			attributes = {
				CLASSPREFIX = BNR;
				LastUpgradeCheck = 0510;
				ORGANIZATIONNAME = "Big Nerd Ranch";
				TargetAttributes = {
					02A9C2E619B67FF000C948E3 = {
						TestTargetID = 02A9C2C219B67FF000C948E3;
					};
				};
			};
			buildConfigurationList = 02A9C2BE19B67FF000C948E3 /* Build configuration list for PBXProject "TahDoodle" */;
			compatibilityVersion = "Xcode 3.2";
			developmentRegion = English;
			hasScannedForEncodings = 0;
			knownRegions = (
				en,
				Base,
			);
			mainGroup = 02A9C2BA19B67FF000C948E3;
			productRefGroup = 02A9C2C419B67FF000C948E3 /* Products */;
			projectDirPath = "";
			projectRoot = "";
			targets = (
				02A9C2C219B67FF000C948E3 /* TahDoodle */,
				02A9C2E619B67FF000C948E3 /* TahDoodleTests */,
			);
		};
/* End PBXProject section */

/* Begin PBXResourcesBuildPhase section */
		02A9C2C119B67FF000C948E3 /* Resources */ = {
			isa = PBXResourcesBuildPhase;
			buildActionMask = 2147483647;
			files = (
				02A9C2D119B67FF000C948E3 /* InfoPlist.strings in Resources */,
				02A9C2E219B67FF000C948E3 /* Images.xcassets in Resources */,
				02A9C2DD19B67FF000C948E3 /* BNRDocument.xib in Resources */,
				02A9C2D719B67FF000C948E3 /* Credits.rtf in Resources */,
				02A9C2E019B67FF000C948E3 /* MainMenu.xib in Resources */,
			);
			runOnlyForDeploymentPostprocessing = 0;
		};
		02A9C2E519B67FF000C948E3 /* Resources */ = {
			isa = PBXResourcesBuildPhase;
			buildActionMask = 2147483647;
			files = (
				02A9C2F219B67FF000C948E3 /* InfoPlist.strings in Resources */,
			);
			runOnlyForDeploymentPostprocessing = 0;
		};
/* End PBXResourcesBuildPhase section */

/* Begin PBXSourcesBuildPhase section */
		02A9C2BF19B67FF000C948E3 /* Sources */ = {
			isa = PBXSourcesBuildPhase;
			buildActionMask = 2147483647;
			files = (
				02A9C2D319B67FF000C948E3 /* main.m in Sources */,
				02A9C2DA19B67FF000C948E3 /* BNRDocument.m in Sources */,
			);
			runOnlyForDeploymentPostprocessing = 0;
		};
		02A9C2E319B67FF000C948E3 /* Sources */ = {
			isa = PBXSourcesBuildPhase;
			buildActionMask = 2147483647;
			files = (
				02A9C2F419B67FF000C948E3 /* TahDoodleTests.m in Sources */,
			);
			runOnlyForDeploymentPostprocessing = 0;
		};
/* End PBXSourcesBuildPhase section */

/* Begin PBXTargetDependency section */
		02A9C2EC19B67FF000C948E3 /* PBXTargetDependency */ = {
			isa = PBXTargetDependency;
			target = 02A9C2C219B67FF000C948E3 /* TahDoodle */;
			targetProxy = 02A9C2EB19B67FF000C948E3 /* PBXContainerItemProxy */;
		};
/* End PBXTargetDependency section */

/* Begin PBXVariantGroup section */
		02A9C2CF19B67FF000C948E3 /* InfoPlist.strings */ = {
			isa = PBXVariantGroup;
			children = (
				02A9C2D019B67FF000C948E3 /* en */,
			);
			name = InfoPlist.strings;
			sourceTree = "<group>";
		};
		02A9C2D519B67FF000C948E3 /* Credits.rtf */ = {
			isa = PBXVariantGroup;
			children = (
				02A9C2D619B67FF000C948E3 /* en */,
			);
			name = Credits.rtf;
			sourceTree = "<group>";
		};
		02A9C2DB19B67FF000C948E3 /* BNRDocument.xib */ = {
			isa = PBXVariantGroup;
			children = (
				02A9C2DC19B67FF000C948E3 /* Base */,
			);
			name = BNRDocument.xib;
			sourceTree = "<group>";
		};
		02A9C2DE19B67FF000C948E3 /* MainMenu.xib */ = {
			isa = PBXVariantGroup;
			children = (
				02A9C2DF19B67FF000C948E3 /* Base */,
			);
			name = MainMenu.xib;
			sourceTree = "<group>";
		};
		02A9C2F019B67FF000C948E3 /* InfoPlist.strings */ = {
			isa = PBXVariantGroup;
			children = (
				02A9C2F119B67FF000C948E3 /* en */,
			);
			name = InfoPlist.strings;
			sourceTree = "<group>";
		};
/* End PBXVariantGroup section */

/* Begin XCBuildConfiguration section */
		02A9C2F519B67FF000C948E3 /* Debug */ = {
			isa = XCBuildConfiguration;
			buildSettings = {
				ALWAYS_SEARCH_USER_PATHS = NO;
				CLANG_CXX_LANGUAGE_STANDARD = "gnu++0x";
				CLANG_CXX_LIBRARY = "libc++";
				CLANG_ENABLE_MODULES = YES;
				CLANG_ENABLE_OBJC_ARC = YES;
				CLANG_WARN_BOOL_CONVERSION = YES;
				CLANG_WARN_CONSTANT_CONVERSION = YES;
				CLANG_WARN_DIRECT_OBJC_ISA_USAGE = YES_ERROR;
				CLANG_WARN_EMPTY_BODY = YES;
				CLANG_WARN_ENUM_CONVERSION = YES;
				CLANG_WARN_INT_CONVERSION = YES;
				CLANG_WARN_OBJC_ROOT_CLASS = YES_ERROR;
				CLANG_WARN__DUPLICATE_METHOD_MATCH = YES;
				COPY_PHASE_STRIP = NO;
				GCC_C_LANGUAGE_STANDARD = gnu99;
				GCC_DYNAMIC_NO_PIC = NO;
				GCC_ENABLE_OBJC_EXCEPTIONS = YES;
				GCC_OPTIMIZATION_LEVEL = 0;
				GCC_PREPROCESSOR_DEFINITIONS = (
					"DEBUG=1",
					"$(inherited)",
				);
				GCC_SYMBOLS_PRIVATE_EXTERN = NO;
				GCC_WARN_64_TO_32_BIT_CONVERSION = YES;
				GCC_WARN_ABOUT_RETURN_TYPE = YES_ERROR;
				GCC_WARN_UNDECLARED_SELECTOR = YES;
				GCC_WARN_UNINITIALIZED_AUTOS = YES_AGGRESSIVE;
				GCC_WARN_UNUSED_FUNCTION = YES;
				GCC_WARN_UNUSED_VARIABLE = YES;
				MACOSX_DEPLOYMENT_TARGET = 10.9;
				ONLY_ACTIVE_ARCH = YES;
				SDKROOT = macosx;
			};
			name = Debug;
		};
		02A9C2F619B67FF000C948E3 /* Release */ = {
			isa = XCBuildConfiguration;
			buildSettings = {
				ALWAYS_SEARCH_USER_PATHS = NO;
				CLANG_CXX_LANGUAGE_STANDARD = "gnu++0x";
				CLANG_CXX_LIBRARY = "libc++";
				CLANG_ENABLE_MODULES = YES;
				CLANG_ENABLE_OBJC_ARC = YES;
				CLANG_WARN_BOOL_CONVERSION = YES;
				CLANG_WARN_CONSTANT_CONVERSION = YES;
				CLANG_WARN_DIRECT_OBJC_ISA_USAGE = YES_ERROR;
				CLANG_WARN_EMPTY_BODY = YES;
				CLANG_WARN_ENUM_CONVERSION = YES;
				CLANG_WARN_INT_CONVERSION = YES;
				CLANG_WARN_OBJC_ROOT_CLASS = YES_ERROR;
				CLANG_WARN__DUPLICATE_METHOD_MATCH = YES;
				COPY_PHASE_STRIP = YES;
				DEBUG_INFORMATION_FORMAT = "dwarf-with-dsym";
				ENABLE_NS_ASSERTIONS = NO;
				GCC_C_LANGUAGE_STANDARD = gnu99;
				GCC_ENABLE_OBJC_EXCEPTIONS = YES;
				GCC_WARN_64_TO_32_BIT_CONVERSION = YES;
				GCC_WARN_ABOUT_RETURN_TYPE = YES_ERROR;
				GCC_WARN_UNDECLARED_SELECTOR = YES;
				GCC_WARN_UNINITIALIZED_AUTOS = YES_AGGRESSIVE;
				GCC_WARN_UNUSED_FUNCTION = YES;
				GCC_WARN_UNUSED_VARIABLE = YES;
				MACOSX_DEPLOYMENT_TARGET = 10.9;
				SDKROOT = macosx;
			};
			name = Release;
		};
		02A9C2F819B67FF000C948E3 /* Debug */ = {
			isa = XCBuildConfiguration;
			buildSettings = {
				ASSETCATALOG_COMPILER_APPICON_NAME = AppIcon;
				COMBINE_HIDPI_IMAGES = YES;
				GCC_PRECOMPILE_PREFIX_HEADER = YES;
				GCC_PREFIX_HEADER = "TahDoodle/TahDoodle-Prefix.pch";
				INFOPLIST_FILE = "TahDoodle/TahDoodle-Info.plist";
				PRODUCT_NAME = "$(TARGET_NAME)";
				WRAPPER_EXTENSION = app;
			};
			name = Debug;
		};
		02A9C2F919B67FF000C948E3 /* Release */ = {
			isa = XCBuildConfiguration;
			buildSettings = {
				ASSETCATALOG_COMPILER_APPICON_NAME = AppIcon;
				COMBINE_HIDPI_IMAGES = YES;
				GCC_PRECOMPILE_PREFIX_HEADER = YES;
				GCC_PREFIX_HEADER = "TahDoodle/TahDoodle-Prefix.pch";
				INFOPLIST_FILE = "TahDoodle/TahDoodle-Info.plist";
				PRODUCT_NAME = "$(TARGET_NAME)";
				WRAPPER_EXTENSION = app;
			};
			name = Release;
		};
		02A9C2FB19B67FF000C948E3 /* Debug */ = {
			isa = XCBuildConfiguration;
			buildSettings = {
				BUNDLE_LOADER = "$(BUILT_PRODUCTS_DIR)/TahDoodle.app/Contents/MacOS/TahDoodle";
				COMBINE_HIDPI_IMAGES = YES;
				FRAMEWORK_SEARCH_PATHS = (
					"$(DEVELOPER_FRAMEWORKS_DIR)",
					"$(inherited)",
				);
				GCC_PRECOMPILE_PREFIX_HEADER = YES;
				GCC_PREFIX_HEADER = "TahDoodle/TahDoodle-Prefix.pch";
				GCC_PREPROCESSOR_DEFINITIONS = (
					"DEBUG=1",
					"$(inherited)",
				);
				INFOPLIST_FILE = "TahDoodleTests/TahDoodleTests-Info.plist";
				PRODUCT_NAME = "$(TARGET_NAME)";
				TEST_HOST = "$(BUNDLE_LOADER)";
				WRAPPER_EXTENSION = xctest;
			};
			name = Debug;
		};
		02A9C2FC19B67FF000C948E3 /* Release */ = {
			isa = XCBuildConfiguration;
			buildSettings = {
				BUNDLE_LOADER = "$(BUILT_PRODUCTS_DIR)/TahDoodle.app/Contents/MacOS/TahDoodle";
				COMBINE_HIDPI_IMAGES = YES;
				FRAMEWORK_SEARCH_PATHS = (
					"$(DEVELOPER_FRAMEWORKS_DIR)",
					"$(inherited)",
				);
				GCC_PRECOMPILE_PREFIX_HEADER = YES;
				GCC_PREFIX_HEADER = "TahDoodle/TahDoodle-Prefix.pch";
				INFOPLIST_FILE = "TahDoodleTests/TahDoodleTests-Info.plist";
				PRODUCT_NAME = "$(TARGET_NAME)";
				TEST_HOST = "$(BUNDLE_LOADER)";
				WRAPPER_EXTENSION = xctest;
			};
			name = Release;
		};
/* End XCBuildConfiguration section */

/* Begin XCConfigurationList section */
		02A9C2BE19B67FF000C948E3 /* Build configuration list for PBXProject "TahDoodle" */ = {
			isa = XCConfigurationList;
			buildConfigurations = (
				02A9C2F519B67FF000C948E3 /* Debug */,
				02A9C2F619B67FF000C948E3 /* Release */,
			);
			defaultConfigurationIsVisible = 0;
			defaultConfigurationName = Release;
		};
		02A9C2F719B67FF000C948E3 /* Build configuration list for PBXNativeTarget "TahDoodle" */ = {
			isa = XCConfigurationList;
			buildConfigurations = (
				02A9C2F819B67FF000C948E3 /* Debug */,
				02A9C2F919B67FF000C948E3 /* Release */,
			);
			defaultConfigurationIsVisible = 0;
		};
		02A9C2FA19B67FF000C948E3 /* Build configuration list for PBXNativeTarget "TahDoodleTests" */ = {
			isa = XCConfigurationList;
			buildConfigurations = (
				02A9C2FB19B67FF000C948E3 /* Debug */,
				02A9C2FC19B67FF000C948E3 /* Release */,
			);
			defaultConfigurationIsVisible = 0;
		};
/* End XCConfigurationList section */
	};
	rootObject = 02A9C2BB19B67FF000C948E3 /* Project object */;
}
